
Microsoft Visual Studio Solution File, Format Version 12.00
# Visual Studio 15
VisualStudioVersion = 15.0.27428.2043
MinimumVisualStudioVersion = 10.0.40219.1
Project("{9A19103F-16F7-4668-BE54-9A1E7A4F7556}") = "ImageApi", "ImageApi\ImageApi.csproj", "{76B91F8E-4A6B-4AED-93A8-F3B390722801}"
EndProject
Project("{9A19103F-16F7-4668-BE54-9A1E7A4F7556}") = "ImageApi_Tests", "ImageApi_Tests\ImageApi_Tests.csproj", "{66042FDB-EBCE-432E-9AB7-FB7088F74C81}"
EndProject
Project("{FAE04EC0-301F-11D3-BF4B-00C04F79EFBC}") = "RepositoryApi", "RepositoryApi\RepositoryApi.csproj", "{0CEEEAB0-8F05-43E2-8ABB-6B6E72C37450}"
EndProject
Global
	GlobalSection(SolutionConfigurationPlatforms) = preSolution
		Debug|Any CPU = Debug|Any CPU
		Release|Any CPU = Release|Any CPU
	EndGlobalSection
	GlobalSection(ProjectConfigurationPlatforms) = postSolution
		{76B91F8E-4A6B-4AED-93A8-F3B390722801}.Debug|Any CPU.ActiveCfg = Debug|Any CPU
		{76B91F8E-4A6B-4AED-93A8-F3B390722801}.Debug|Any CPU.Build.0 = Debug|Any CPU
		{76B91F8E-4A6B-4AED-93A8-F3B390722801}.Release|Any CPU.ActiveCfg = Release|Any CPU
		{76B91F8E-4A6B-4AED-93A8-F3B390722801}.Release|Any CPU.Build.0 = Release|Any CPU
		{66042FDB-EBCE-432E-9AB7-FB7088F74C81}.Debug|Any CPU.ActiveCfg = Debug|Any CPU
		{66042FDB-EBCE-432E-9AB7-FB7088F74C81}.Debug|Any CPU.Build.0 = Debug|Any CPU
		{66042FDB-EBCE-432E-9AB7-FB7088F74C81}.Release|Any CPU.ActiveCfg = Release|Any CPU
		{66042FDB-EBCE-432E-9AB7-FB7088F74C81}.Release|Any CPU.Build.0 = Release|Any CPU
		{0CEEEAB0-8F05-43E2-8ABB-6B6E72C37450}.Debug|Any CPU.ActiveCfg = Debug|Any CPU
		{0CEEEAB0-8F05-43E2-8ABB-6B6E72C37450}.Debug|Any CPU.Build.0 = Debug|Any CPU
		{0CEEEAB0-8F05-43E2-8ABB-6B6E72C37450}.Release|Any CPU.ActiveCfg = Release|Any CPU
		{0CEEEAB0-8F05-43E2-8ABB-6B6E72C37450}.Release|Any CPU.Build.0 = Release|Any CPU
	EndGlobalSection
	GlobalSection(SolutionProperties) = preSolution
		HideSolutionNode = FALSE
	EndGlobalSection
	GlobalSection(ExtensibilityGlobals) = postSolution
		SolutionGuid = {82A23917-9782-4CAB-96D2-9B546C2EB9E7}
	EndGlobalSection
EndGlobal
